
Microsoft Visual Studio Solution File, Format Version 12.00
# Visual Studio Version 16
VisualStudioVersion = 16.0.33423.256
MinimumVisualStudioVersion = 10.0.40219.1
Project("{FAE04EC0-301F-11D3-BF4B-00C04F79EFBC}") = "computermanufacturer", "computermanufacturer\computermanufacturer.csproj", "{8C086398-6BB2-48CA-9265-59C5348A32D4}"
EndProject
Global
	GlobalSection(SolutionConfigurationPlatforms) = preSolution
		Debug|Any CPU = Debug|Any CPU
		Release|Any CPU = Release|Any CPU
	EndGlobalSection
	GlobalSection(ProjectConfigurationPlatforms) = postSolution
		{8C086398-6BB2-48CA-9265-59C5348A32D4}.Debug|Any CPU.ActiveCfg = Debug|Any CPU
		{8C086398-6BB2-48CA-9265-59C5348A32D4}.Debug|Any CPU.Build.0 = Debug|Any CPU
		{8C086398-6BB2-48CA-9265-59C5348A32D4}.Release|Any CPU.ActiveCfg = Release|Any CPU
		{8C086398-6BB2-48CA-9265-59C5348A32D4}.Release|Any CPU.Build.0 = Release|Any CPU
	EndGlobalSection
	GlobalSection(SolutionProperties) = preSolution
		HideSolutionNode = FALSE
	EndGlobalSection
	GlobalSection(ExtensibilityGlobals) = postSolution
		SolutionGuid = {1F961EF1-ABCD-4DC4-9DBE-73822CA270E9}
	EndGlobalSection
EndGlobal
